
Microsoft Visual Studio Solution File, Format Version 12.00
# Visual Studio Version 16
VisualStudioVersion = 16.0.30204.135
MinimumVisualStudioVersion = 10.0.40219.1
Project("{FAE04EC0-301F-11D3-BF4B-00C04F79EFBC}") = "WebApiDemoNov", "WebApiDemoNov\WebApiDemoNov.csproj", "{92273922-9040-45CB-AC0E-13459F0ADDBF}"
EndProject
Project("{FAE04EC0-301F-11D3-BF4B-00C04F79EFBC}") = "WebApiClient", "WebApiClient\WebApiClient.csproj", "{C9DE7038-C807-4FEB-90BC-0D155F882589}"
EndProject
Global
	GlobalSection(SolutionConfigurationPlatforms) = preSolution
		Debug|Any CPU = Debug|Any CPU
		Release|Any CPU = Release|Any CPU
	EndGlobalSection
	GlobalSection(ProjectConfigurationPlatforms) = postSolution
		{92273922-9040-45CB-AC0E-13459F0ADDBF}.Debug|Any CPU.ActiveCfg = Debug|Any CPU
		{92273922-9040-45CB-AC0E-13459F0ADDBF}.Debug|Any CPU.Build.0 = Debug|Any CPU
		{92273922-9040-45CB-AC0E-13459F0ADDBF}.Release|Any CPU.ActiveCfg = Release|Any CPU
		{92273922-9040-45CB-AC0E-13459F0ADDBF}.Release|Any CPU.Build.0 = Release|Any CPU
		{C9DE7038-C807-4FEB-90BC-0D155F882589}.Debug|Any CPU.ActiveCfg = Debug|Any CPU
		{C9DE7038-C807-4FEB-90BC-0D155F882589}.Debug|Any CPU.Build.0 = Debug|Any CPU
		{C9DE7038-C807-4FEB-90BC-0D155F882589}.Release|Any CPU.ActiveCfg = Release|Any CPU
		{C9DE7038-C807-4FEB-90BC-0D155F882589}.Release|Any CPU.Build.0 = Release|Any CPU
	EndGlobalSection
	GlobalSection(SolutionProperties) = preSolution
		HideSolutionNode = FALSE
	EndGlobalSection
	GlobalSection(ExtensibilityGlobals) = postSolution
		SolutionGuid = {D5317230-5E8C-498E-8123-65D605AAB655}
	EndGlobalSection
EndGlobal
